
Microsoft Visual Studio Solution File, Format Version 12.00
# Visual Studio Version 16
VisualStudioVersion = 16.0.28803.352
MinimumVisualStudioVersion = 10.0.40219.1
Project("{9A19103F-16F7-4668-BE54-9A1E7A4F7556}") = "SDL2NETKeyboardSample", "SDL2NETKeyboardSample\SDL2NETKeyboardSample.csproj", "{F2A535F8-3B4B-4411-994A-CA090398BEFC}"
EndProject
Global
	GlobalSection(SolutionConfigurationPlatforms) = preSolution
		Debug|x64 = Debug|x64
		Release|x64 = Release|x64
	EndGlobalSection
	GlobalSection(ProjectConfigurationPlatforms) = postSolution
		{F2A535F8-3B4B-4411-994A-CA090398BEFC}.Debug|x64.ActiveCfg = Debug|x64
		{F2A535F8-3B4B-4411-994A-CA090398BEFC}.Debug|x64.Build.0 = Debug|x64
		{F2A535F8-3B4B-4411-994A-CA090398BEFC}.Release|x64.ActiveCfg = Release|x64
		{F2A535F8-3B4B-4411-994A-CA090398BEFC}.Release|x64.Build.0 = Release|x64
	EndGlobalSection
	GlobalSection(SolutionProperties) = preSolution
		HideSolutionNode = FALSE
	EndGlobalSection
	GlobalSection(ExtensibilityGlobals) = postSolution
		SolutionGuid = {0316AA9F-6D4F-4027-BDA7-08AECDF2A125}
	EndGlobalSection
EndGlobal
