
Microsoft Visual Studio Solution File, Format Version 12.00
# Visual Studio Version 16
VisualStudioVersion = 16.0.28803.352
MinimumVisualStudioVersion = 10.0.40219.1
Project("{FAE04EC0-301F-11D3-BF4B-00C04F79EFBC}") = "SDL2NETKeyboardSample", "SDL2NETKeyboardSample\SDL2NETKeyboardSample.csproj", "{F2A535F8-3B4B-4411-994A-CA090398BEFC}"
EndProject
Global
	GlobalSection(SolutionConfigurationPlatforms) = preSolution
		Debug|Any CPU = Debug|Any CPU
		Release|Any CPU = Release|Any CPU
	EndGlobalSection
	GlobalSection(ProjectConfigurationPlatforms) = postSolution
		{F2A535F8-3B4B-4411-994A-CA090398BEFC}.Debug|Any CPU.ActiveCfg = Debug|Any CPU
		{F2A535F8-3B4B-4411-994A-CA090398BEFC}.Debug|Any CPU.Build.0 = Debug|Any CPU
		{F2A535F8-3B4B-4411-994A-CA090398BEFC}.Release|Any CPU.ActiveCfg = Release|Any CPU
		{F2A535F8-3B4B-4411-994A-CA090398BEFC}.Release|Any CPU.Build.0 = Release|Any CPU
	EndGlobalSection
	GlobalSection(SolutionProperties) = preSolution
		HideSolutionNode = FALSE
	EndGlobalSection
	GlobalSection(ExtensibilityGlobals) = postSolution
		SolutionGuid = {0316AA9F-6D4F-4027-BDA7-08AECDF2A125}
	EndGlobalSection
EndGlobal
